
Microsoft Visual Studio Solution File, Format Version 12.00
# Visual Studio Version 16
VisualStudioVersion = 16.0.30320.27
MinimumVisualStudioVersion = 15.0.26124.0
Project("{2150E333-8FDC-42A3-9474-1A3956D46DE8}") = "src", "src", "{351E5CF1-D97C-49E0-A281-BEECD8729C0A}"
EndProject
Project("{2150E333-8FDC-42A3-9474-1A3956D46DE8}") = "test", "test", "{9BFCD04D-DE1D-4E07-8536-1696A44E6FE8}"
EndProject
Project("{9A19103F-16F7-4668-BE54-9A1E7A4F7556}") = "Moe.La.UnitTests", "test\Moe.La.UnitTests\Moe.La.UnitTests.csproj", "{EF372697-5E85-49C0-B89F-9E3F44562692}"
EndProject
Project("{9A19103F-16F7-4668-BE54-9A1E7A4F7556}") = "Moe.La.Core", "src\Moe.La.Core\Moe.La.Core.csproj", "{5602EDA7-8D5E-424A-9264-E958F2E32A56}"
EndProject
Project("{9A19103F-16F7-4668-BE54-9A1E7A4F7556}") = "Moe.La.Common", "src\Moe.La.Common\Moe.La.Common.csproj", "{80CEF8F1-B087-4B36-9A68-34247CC2E41A}"
EndProject
Project("{9A19103F-16F7-4668-BE54-9A1E7A4F7556}") = "Moe.La.Integration", "src\Moe.La.Integration\Moe.La.Integration.csproj", "{B957535B-7319-4C17-AD14-765AE1A32824}"
EndProject
Project("{9A19103F-16F7-4668-BE54-9A1E7A4F7556}") = "Moe.La.Infrastructure", "src\Moe.La.Infrastructure\Moe.La.Infrastructure.csproj", "{BB9CF178-1824-4148-9378-C8AF47AB7B47}"
EndProject
Project("{9A19103F-16F7-4668-BE54-9A1E7A4F7556}") = "Moe.La.ServiceInterface", "src\Moe.La.ServiceInterface\Moe.La.ServiceInterface.csproj", "{038B335C-1FB0-4039-8F8C-372423A47D82}"
EndProject
Project("{9A19103F-16F7-4668-BE54-9A1E7A4F7556}") = "Moe.La.IntegrationTests", "test\Moe.La.IntegrationTests\Moe.La.IntegrationTests.csproj", "{23751AFE-B576-482E-91D8-1C4B81A9CABC}"
EndProject
Project("{2150E333-8FDC-42A3-9474-1A3956D46DE8}") = "Solution Items", "Solution Items", "{13A5E833-5330-4124-914B-4A8ACEE2564F}"
	ProjectSection(SolutionItems) = preProject
		.gitattributes = .gitattributes
		.gitignore = .gitignore
		azure-pipelines.yml = azure-pipelines.yml
		commands.txt = commands.txt
		NuGet.config = NuGet.config
		README.md = README.md
		sonarcube-create-project-guids.ps1 = sonarcube-create-project-guids.ps1
	EndProjectSection
EndProject
Project("{9A19103F-16F7-4668-BE54-9A1E7A4F7556}") = "Moe.La.MockIntegrationService", "test\Moe.La.MockIntegrationService\Moe.La.MockIntegrationService.csproj", "{F85FC0E5-636B-4A67-8B89-52ADD107ED6F}"
EndProject
Project("{9A19103F-16F7-4668-BE54-9A1E7A4F7556}") = "Moe.La.MockMoamalatService", "test\Moe.La.MockMoamalatService\Moe.La.MockMoamalatService.csproj", "{46F6FA20-F83B-476D-8157-5DB2467118E6}"
EndProject
Project("{9A19103F-16F7-4668-BE54-9A1E7A4F7556}") = "Moe.La.Job", "src\Moe.La.Job\Moe.La.Job.csproj", "{56F10F38-FA4D-4879-9128-D1BB9B69D8CF}"
EndProject
Project("{9A19103F-16F7-4668-BE54-9A1E7A4F7556}") = "Moe.La.WebApi", "src\Moe.La.WebApi\Moe.La.WebApi.csproj", "{6A0449C2-A9D0-4629-B161-1CFB66D83215}"
EndProject
Global
	GlobalSection(SolutionConfigurationPlatforms) = preSolution
		Debug|Any CPU = Debug|Any CPU
		Debug|x64 = Debug|x64
		Debug|x86 = Debug|x86
		Release|Any CPU = Release|Any CPU
		Release|x64 = Release|x64
		Release|x86 = Release|x86
	EndGlobalSection
	GlobalSection(ProjectConfigurationPlatforms) = postSolution
		{EF372697-5E85-49C0-B89F-9E3F44562692}.Debug|Any CPU.ActiveCfg = Debug|Any CPU
		{EF372697-5E85-49C0-B89F-9E3F44562692}.Debug|Any CPU.Build.0 = Debug|Any CPU
		{EF372697-5E85-49C0-B89F-9E3F44562692}.Debug|x64.ActiveCfg = Debug|Any CPU
		{EF372697-5E85-49C0-B89F-9E3F44562692}.Debug|x64.Build.0 = Debug|Any CPU
		{EF372697-5E85-49C0-B89F-9E3F44562692}.Debug|x86.ActiveCfg = Debug|Any CPU
		{EF372697-5E85-49C0-B89F-9E3F44562692}.Debug|x86.Build.0 = Debug|Any CPU
		{EF372697-5E85-49C0-B89F-9E3F44562692}.Release|Any CPU.ActiveCfg = Release|Any CPU
		{EF372697-5E85-49C0-B89F-9E3F44562692}.Release|Any CPU.Build.0 = Release|Any CPU
		{EF372697-5E85-49C0-B89F-9E3F44562692}.Release|x64.ActiveCfg = Release|Any CPU
		{EF372697-5E85-49C0-B89F-9E3F44562692}.Release|x64.Build.0 = Release|Any CPU
		{EF372697-5E85-49C0-B89F-9E3F44562692}.Release|x86.ActiveCfg = Release|Any CPU
		{EF372697-5E85-49C0-B89F-9E3F44562692}.Release|x86.Build.0 = Release|Any CPU
		{5602EDA7-8D5E-424A-9264-E958F2E32A56}.Debug|Any CPU.ActiveCfg = Debug|Any CPU
		{5602EDA7-8D5E-424A-9264-E958F2E32A56}.Debug|Any CPU.Build.0 = Debug|Any CPU
		{5602EDA7-8D5E-424A-9264-E958F2E32A56}.Debug|x64.ActiveCfg = Debug|Any CPU
		{5602EDA7-8D5E-424A-9264-E958F2E32A56}.Debug|x64.Build.0 = Debug|Any CPU
		{5602EDA7-8D5E-424A-9264-E958F2E32A56}.Debug|x86.ActiveCfg = Debug|Any CPU
		{5602EDA7-8D5E-424A-9264-E958F2E32A56}.Debug|x86.Build.0 = Debug|Any CPU
		{5602EDA7-8D5E-424A-9264-E958F2E32A56}.Release|Any CPU.ActiveCfg = Release|Any CPU
		{5602EDA7-8D5E-424A-9264-E958F2E32A56}.Release|Any CPU.Build.0 = Release|Any CPU
		{5602EDA7-8D5E-424A-9264-E958F2E32A56}.Release|x64.ActiveCfg = Release|Any CPU
		{5602EDA7-8D5E-424A-9264-E958F2E32A56}.Release|x64.Build.0 = Release|Any CPU
		{5602EDA7-8D5E-424A-9264-E958F2E32A56}.Release|x86.ActiveCfg = Release|Any CPU
		{5602EDA7-8D5E-424A-9264-E958F2E32A56}.Release|x86.Build.0 = Release|Any CPU
		{80CEF8F1-B087-4B36-9A68-34247CC2E41A}.Debug|Any CPU.ActiveCfg = Debug|Any CPU
		{80CEF8F1-B087-4B36-9A68-34247CC2E41A}.Debug|Any CPU.Build.0 = Debug|Any CPU
		{80CEF8F1-B087-4B36-9A68-34247CC2E41A}.Debug|x64.ActiveCfg = Debug|Any CPU
		{80CEF8F1-B087-4B36-9A68-34247CC2E41A}.Debug|x64.Build.0 = Debug|Any CPU
		{80CEF8F1-B087-4B36-9A68-34247CC2E41A}.Debug|x86.ActiveCfg = Debug|Any CPU
		{80CEF8F1-B087-4B36-9A68-34247CC2E41A}.Debug|x86.Build.0 = Debug|Any CPU
		{80CEF8F1-B087-4B36-9A68-34247CC2E41A}.Release|Any CPU.ActiveCfg = Release|Any CPU
		{80CEF8F1-B087-4B36-9A68-34247CC2E41A}.Release|Any CPU.Build.0 = Release|Any CPU
		{80CEF8F1-B087-4B36-9A68-34247CC2E41A}.Release|x64.ActiveCfg = Release|Any CPU
		{80CEF8F1-B087-4B36-9A68-34247CC2E41A}.Release|x64.Build.0 = Release|Any CPU
		{80CEF8F1-B087-4B36-9A68-34247CC2E41A}.Release|x86.ActiveCfg = Release|Any CPU
		{80CEF8F1-B087-4B36-9A68-34247CC2E41A}.Release|x86.Build.0 = Release|Any CPU
		{B957535B-7319-4C17-AD14-765AE1A32824}.Debug|Any CPU.ActiveCfg = Debug|Any CPU
		{B957535B-7319-4C17-AD14-765AE1A32824}.Debug|Any CPU.Build.0 = Debug|Any CPU
		{B957535B-7319-4C17-AD14-765AE1A32824}.Debug|x64.ActiveCfg = Debug|Any CPU
		{B957535B-7319-4C17-AD14-765AE1A32824}.Debug|x64.Build.0 = Debug|Any CPU
		{B957535B-7319-4C17-AD14-765AE1A32824}.Debug|x86.ActiveCfg = Debug|Any CPU
		{B957535B-7319-4C17-AD14-765AE1A32824}.Debug|x86.Build.0 = Debug|Any CPU
		{B957535B-7319-4C17-AD14-765AE1A32824}.Release|Any CPU.ActiveCfg = Release|Any CPU
		{B957535B-7319-4C17-AD14-765AE1A32824}.Release|Any CPU.Build.0 = Release|Any CPU
		{B957535B-7319-4C17-AD14-765AE1A32824}.Release|x64.ActiveCfg = Release|Any CPU
		{B957535B-7319-4C17-AD14-765AE1A32824}.Release|x64.Build.0 = Release|Any CPU
		{B957535B-7319-4C17-AD14-765AE1A32824}.Release|x86.ActiveCfg = Release|Any CPU
		{B957535B-7319-4C17-AD14-765AE1A32824}.Release|x86.Build.0 = Release|Any CPU
		{BB9CF178-1824-4148-9378-C8AF47AB7B47}.Debug|Any CPU.ActiveCfg = Debug|Any CPU
		{BB9CF178-1824-4148-9378-C8AF47AB7B47}.Debug|Any CPU.Build.0 = Debug|Any CPU
		{BB9CF178-1824-4148-9378-C8AF47AB7B47}.Debug|x64.ActiveCfg = Debug|Any CPU
		{BB9CF178-1824-4148-9378-C8AF47AB7B47}.Debug|x64.Build.0 = Debug|Any CPU
		{BB9CF178-1824-4148-9378-C8AF47AB7B47}.Debug|x86.ActiveCfg = Debug|Any CPU
		{BB9CF178-1824-4148-9378-C8AF47AB7B47}.Debug|x86.Build.0 = Debug|Any CPU
		{BB9CF178-1824-4148-9378-C8AF47AB7B47}.Release|Any CPU.ActiveCfg = Release|Any CPU
		{BB9CF178-1824-4148-9378-C8AF47AB7B47}.Release|Any CPU.Build.0 = Release|Any CPU
		{BB9CF178-1824-4148-9378-C8AF47AB7B47}.Release|x64.ActiveCfg = Release|Any CPU
		{BB9CF178-1824-4148-9378-C8AF47AB7B47}.Release|x64.Build.0 = Release|Any CPU
		{BB9CF178-1824-4148-9378-C8AF47AB7B47}.Release|x86.ActiveCfg = Release|Any CPU
		{BB9CF178-1824-4148-9378-C8AF47AB7B47}.Release|x86.Build.0 = Release|Any CPU
		{038B335C-1FB0-4039-8F8C-372423A47D82}.Debug|Any CPU.ActiveCfg = Debug|Any CPU
		{038B335C-1FB0-4039-8F8C-372423A47D82}.Debug|Any CPU.Build.0 = Debug|Any CPU
		{038B335C-1FB0-4039-8F8C-372423A47D82}.Debug|x64.ActiveCfg = Debug|Any CPU
		{038B335C-1FB0-4039-8F8C-372423A47D82}.Debug|x64.Build.0 = Debug|Any CPU
		{038B335C-1FB0-4039-8F8C-372423A47D82}.Debug|x86.ActiveCfg = Debug|Any CPU
		{038B335C-1FB0-4039-8F8C-372423A47D82}.Debug|x86.Build.0 = Debug|Any CPU
		{038B335C-1FB0-4039-8F8C-372423A47D82}.Release|Any CPU.ActiveCfg = Release|Any CPU
		{038B335C-1FB0-4039-8F8C-372423A47D82}.Release|Any CPU.Build.0 = Release|Any CPU
		{038B335C-1FB0-4039-8F8C-372423A47D82}.Release|x64.ActiveCfg = Release|Any CPU
		{038B335C-1FB0-4039-8F8C-372423A47D82}.Release|x64.Build.0 = Release|Any CPU
		{038B335C-1FB0-4039-8F8C-372423A47D82}.Release|x86.ActiveCfg = Release|Any CPU
		{038B335C-1FB0-4039-8F8C-372423A47D82}.Release|x86.Build.0 = Release|Any CPU
		{23751AFE-B576-482E-91D8-1C4B81A9CABC}.Debug|Any CPU.ActiveCfg = Debug|Any CPU
		{23751AFE-B576-482E-91D8-1C4B81A9CABC}.Debug|Any CPU.Build.0 = Debug|Any CPU
		{23751AFE-B576-482E-91D8-1C4B81A9CABC}.Debug|x64.ActiveCfg = Debug|Any CPU
		{23751AFE-B576-482E-91D8-1C4B81A9CABC}.Debug|x64.Build.0 = Debug|Any CPU
		{23751AFE-B576-482E-91D8-1C4B81A9CABC}.Debug|x86.ActiveCfg = Debug|Any CPU
		{23751AFE-B576-482E-91D8-1C4B81A9CABC}.Debug|x86.Build.0 = Debug|Any CPU
		{23751AFE-B576-482E-91D8-1C4B81A9CABC}.Release|Any CPU.ActiveCfg = Release|Any CPU
		{23751AFE-B576-482E-91D8-1C4B81A9CABC}.Release|Any CPU.Build.0 = Release|Any CPU
		{23751AFE-B576-482E-91D8-1C4B81A9CABC}.Release|x64.ActiveCfg = Release|Any CPU
		{23751AFE-B576-482E-91D8-1C4B81A9CABC}.Release|x64.Build.0 = Release|Any CPU
		{23751AFE-B576-482E-91D8-1C4B81A9CABC}.Release|x86.ActiveCfg = Release|Any CPU
		{23751AFE-B576-482E-91D8-1C4B81A9CABC}.Release|x86.Build.0 = Release|Any CPU
		{F85FC0E5-636B-4A67-8B89-52ADD107ED6F}.Debug|Any CPU.ActiveCfg = Debug|Any CPU
		{F85FC0E5-636B-4A67-8B89-52ADD107ED6F}.Debug|Any CPU.Build.0 = Debug|Any CPU
		{F85FC0E5-636B-4A67-8B89-52ADD107ED6F}.Debug|x64.ActiveCfg = Debug|Any CPU
		{F85FC0E5-636B-4A67-8B89-52ADD107ED6F}.Debug|x64.Build.0 = Debug|Any CPU
		{F85FC0E5-636B-4A67-8B89-52ADD107ED6F}.Debug|x86.ActiveCfg = Debug|Any CPU
		{F85FC0E5-636B-4A67-8B89-52ADD107ED6F}.Debug|x86.Build.0 = Debug|Any CPU
		{F85FC0E5-636B-4A67-8B89-52ADD107ED6F}.Release|Any CPU.ActiveCfg = Release|Any CPU
		{F85FC0E5-636B-4A67-8B89-52ADD107ED6F}.Release|Any CPU.Build.0 = Release|Any CPU
		{F85FC0E5-636B-4A67-8B89-52ADD107ED6F}.Release|x64.ActiveCfg = Release|Any CPU
		{F85FC0E5-636B-4A67-8B89-52ADD107ED6F}.Release|x64.Build.0 = Release|Any CPU
		{F85FC0E5-636B-4A67-8B89-52ADD107ED6F}.Release|x86.ActiveCfg = Release|Any CPU
		{F85FC0E5-636B-4A67-8B89-52ADD107ED6F}.Release|x86.Build.0 = Release|Any CPU
		{46F6FA20-F83B-476D-8157-5DB2467118E6}.Debug|Any CPU.ActiveCfg = Debug|Any CPU
		{46F6FA20-F83B-476D-8157-5DB2467118E6}.Debug|Any CPU.Build.0 = Debug|Any CPU
		{46F6FA20-F83B-476D-8157-5DB2467118E6}.Debug|x64.ActiveCfg = Debug|Any CPU
		{46F6FA20-F83B-476D-8157-5DB2467118E6}.Debug|x64.Build.0 = Debug|Any CPU
		{46F6FA20-F83B-476D-8157-5DB2467118E6}.Debug|x86.ActiveCfg = Debug|Any CPU
		{46F6FA20-F83B-476D-8157-5DB2467118E6}.Debug|x86.Build.0 = Debug|Any CPU
		{46F6FA20-F83B-476D-8157-5DB2467118E6}.Release|Any CPU.ActiveCfg = Release|Any CPU
		{46F6FA20-F83B-476D-8157-5DB2467118E6}.Release|Any CPU.Build.0 = Release|Any CPU
		{46F6FA20-F83B-476D-8157-5DB2467118E6}.Release|x64.ActiveCfg = Release|Any CPU
		{46F6FA20-F83B-476D-8157-5DB2467118E6}.Release|x64.Build.0 = Release|Any CPU
		{46F6FA20-F83B-476D-8157-5DB2467118E6}.Release|x86.ActiveCfg = Release|Any CPU
		{46F6FA20-F83B-476D-8157-5DB2467118E6}.Release|x86.Build.0 = Release|Any CPU
		{56F10F38-FA4D-4879-9128-D1BB9B69D8CF}.Debug|Any CPU.ActiveCfg = Debug|Any CPU
		{56F10F38-FA4D-4879-9128-D1BB9B69D8CF}.Debug|Any CPU.Build.0 = Debug|Any CPU
		{56F10F38-FA4D-4879-9128-D1BB9B69D8CF}.Debug|x64.ActiveCfg = Debug|Any CPU
		{56F10F38-FA4D-4879-9128-D1BB9B69D8CF}.Debug|x64.Build.0 = Debug|Any CPU
		{56F10F38-FA4D-4879-9128-D1BB9B69D8CF}.Debug|x86.ActiveCfg = Debug|Any CPU
		{56F10F38-FA4D-4879-9128-D1BB9B69D8CF}.Debug|x86.Build.0 = Debug|Any CPU
		{56F10F38-FA4D-4879-9128-D1BB9B69D8CF}.Release|Any CPU.ActiveCfg = Release|Any CPU
		{56F10F38-FA4D-4879-9128-D1BB9B69D8CF}.Release|Any CPU.Build.0 = Release|Any CPU
		{56F10F38-FA4D-4879-9128-D1BB9B69D8CF}.Release|x64.ActiveCfg = Release|Any CPU
		{56F10F38-FA4D-4879-9128-D1BB9B69D8CF}.Release|x64.Build.0 = Release|Any CPU
		{56F10F38-FA4D-4879-9128-D1BB9B69D8CF}.Release|x86.ActiveCfg = Release|Any CPU
		{56F10F38-FA4D-4879-9128-D1BB9B69D8CF}.Release|x86.Build.0 = Release|Any CPU
		{6A0449C2-A9D0-4629-B161-1CFB66D83215}.Debug|Any CPU.ActiveCfg = Debug|Any CPU
		{6A0449C2-A9D0-4629-B161-1CFB66D83215}.Debug|Any CPU.Build.0 = Debug|Any CPU
		{6A0449C2-A9D0-4629-B161-1CFB66D83215}.Debug|x64.ActiveCfg = Debug|Any CPU
		{6A0449C2-A9D0-4629-B161-1CFB66D83215}.Debug|x64.Build.0 = Debug|Any CPU
		{6A0449C2-A9D0-4629-B161-1CFB66D83215}.Debug|x86.ActiveCfg = Debug|Any CPU
		{6A0449C2-A9D0-4629-B161-1CFB66D83215}.Debug|x86.Build.0 = Debug|Any CPU
		{6A0449C2-A9D0-4629-B161-1CFB66D83215}.Release|Any CPU.ActiveCfg = Release|Any CPU
		{6A0449C2-A9D0-4629-B161-1CFB66D83215}.Release|Any CPU.Build.0 = Release|Any CPU
		{6A0449C2-A9D0-4629-B161-1CFB66D83215}.Release|x64.ActiveCfg = Release|Any CPU
		{6A0449C2-A9D0-4629-B161-1CFB66D83215}.Release|x64.Build.0 = Release|Any CPU
		{6A0449C2-A9D0-4629-B161-1CFB66D83215}.Release|x86.ActiveCfg = Release|Any CPU
		{6A0449C2-A9D0-4629-B161-1CFB66D83215}.Release|x86.Build.0 = Release|Any CPU
	EndGlobalSection
	GlobalSection(SolutionProperties) = preSolution
		HideSolutionNode = FALSE
	EndGlobalSection
	GlobalSection(NestedProjects) = preSolution
		{EF372697-5E85-49C0-B89F-9E3F44562692} = {9BFCD04D-DE1D-4E07-8536-1696A44E6FE8}
		{5602EDA7-8D5E-424A-9264-E958F2E32A56} = {351E5CF1-D97C-49E0-A281-BEECD8729C0A}
		{80CEF8F1-B087-4B36-9A68-34247CC2E41A} = {351E5CF1-D97C-49E0-A281-BEECD8729C0A}
		{B957535B-7319-4C17-AD14-765AE1A32824} = {351E5CF1-D97C-49E0-A281-BEECD8729C0A}
		{BB9CF178-1824-4148-9378-C8AF47AB7B47} = {351E5CF1-D97C-49E0-A281-BEECD8729C0A}
		{038B335C-1FB0-4039-8F8C-372423A47D82} = {351E5CF1-D97C-49E0-A281-BEECD8729C0A}
		{23751AFE-B576-482E-91D8-1C4B81A9CABC} = {9BFCD04D-DE1D-4E07-8536-1696A44E6FE8}
		{F85FC0E5-636B-4A67-8B89-52ADD107ED6F} = {9BFCD04D-DE1D-4E07-8536-1696A44E6FE8}
		{46F6FA20-F83B-476D-8157-5DB2467118E6} = {9BFCD04D-DE1D-4E07-8536-1696A44E6FE8}
		{56F10F38-FA4D-4879-9128-D1BB9B69D8CF} = {351E5CF1-D97C-49E0-A281-BEECD8729C0A}
		{6A0449C2-A9D0-4629-B161-1CFB66D83215} = {351E5CF1-D97C-49E0-A281-BEECD8729C0A}
	EndGlobalSection
	GlobalSection(ExtensibilityGlobals) = postSolution
		SolutionGuid = {4B9BD631-494D-4D5F-A396-F421A7F23C6E}
	EndGlobalSection
EndGlobal
